
Microsoft Visual Studio Solution File, Format Version 12.00
# Visual Studio 14
VisualStudioVersion = 14.0.25420.1
MinimumVisualStudioVersion = 10.0.40219.1
Project("{FAE04EC0-301F-11D3-BF4B-00C04F79EFBC}") = "Xamarians.Utilities", "Xamarians.Utilities\Xamarians.Utilities.csproj", "{67F9D3A8-F71E-4428-913F-C37AE82CDB24}"
EndProject
Project("{FAE04EC0-301F-11D3-BF4B-00C04F79EFBC}") = "Xamarians.Utility.Droid", "Xamarians.Utility.Droid\Xamarians.Utility.Droid.csproj", "{92CEE80D-4CDF-4864-BED1-C00CD0AA67F0}"
EndProject
Project("{FAE04EC0-301F-11D3-BF4B-00C04F79EFBC}") = "Xamarians.Utilities.iOS", "Xamarians.Utilities.iOS\Xamarians.Utilities.iOS.csproj", "{0F6A7A64-7955-4C04-8B1D-07C7E5BC1682}"
EndProject
Project("{2150E333-8FDC-42A3-9474-1A3956D46DE8}") = "Sample", "Sample", "{DC72F7CC-2806-4DA3-9715-80D8D9324147}"
EndProject
Project("{D954291E-2A0B-460D-934E-DC6B0785DB48}") = "Sample", "Sample\Sample\Sample.shproj", "{BF368CA1-B560-4615-8227-9FB0DA30420D}"
EndProject
Project("{FAE04EC0-301F-11D3-BF4B-00C04F79EFBC}") = "Sample.Android", "Sample\Sample.Android\Sample.Android.csproj", "{0A1BF46F-CAE1-4A9A-A563-66866C2C3DF0}"
EndProject
Project("{FAE04EC0-301F-11D3-BF4B-00C04F79EFBC}") = "Sample.iOS", "Sample\Sample.iOS\Sample.iOS.csproj", "{0ED8563E-F642-4F8D-B8EE-335041A8803C}"
EndProject
Global
	GlobalSection(SharedMSBuildProjectFiles) = preSolution
		Sample\Sample\Sample.projitems*{0a1bf46f-cae1-4a9a-a563-66866c2c3df0}*SharedItemsImports = 4
		Sample\Sample\Sample.projitems*{0ed8563e-f642-4f8d-b8ee-335041a8803c}*SharedItemsImports = 4
		Sample\Sample\Sample.projitems*{bf368ca1-b560-4615-8227-9fb0da30420d}*SharedItemsImports = 13
	EndGlobalSection
	GlobalSection(SolutionConfigurationPlatforms) = preSolution
		Ad-Hoc|Any CPU = Ad-Hoc|Any CPU
		Ad-Hoc|ARM = Ad-Hoc|ARM
		Ad-Hoc|iPhone = Ad-Hoc|iPhone
		Ad-Hoc|iPhoneSimulator = Ad-Hoc|iPhoneSimulator
		Ad-Hoc|x64 = Ad-Hoc|x64
		Ad-Hoc|x86 = Ad-Hoc|x86
		AppStore|Any CPU = AppStore|Any CPU
		AppStore|ARM = AppStore|ARM
		AppStore|iPhone = AppStore|iPhone
		AppStore|iPhoneSimulator = AppStore|iPhoneSimulator
		AppStore|x64 = AppStore|x64
		AppStore|x86 = AppStore|x86
		Debug|Any CPU = Debug|Any CPU
		Debug|ARM = Debug|ARM
		Debug|iPhone = Debug|iPhone
		Debug|iPhoneSimulator = Debug|iPhoneSimulator
		Debug|x64 = Debug|x64
		Debug|x86 = Debug|x86
		Release|Any CPU = Release|Any CPU
		Release|ARM = Release|ARM
		Release|iPhone = Release|iPhone
		Release|iPhoneSimulator = Release|iPhoneSimulator
		Release|x64 = Release|x64
		Release|x86 = Release|x86
	EndGlobalSection
	GlobalSection(ProjectConfigurationPlatforms) = postSolution
		{67F9D3A8-F71E-4428-913F-C37AE82CDB24}.Ad-Hoc|Any CPU.ActiveCfg = Release|Any CPU
		{67F9D3A8-F71E-4428-913F-C37AE82CDB24}.Ad-Hoc|Any CPU.Build.0 = Release|Any CPU
		{67F9D3A8-F71E-4428-913F-C37AE82CDB24}.Ad-Hoc|ARM.ActiveCfg = Release|Any CPU
		{67F9D3A8-F71E-4428-913F-C37AE82CDB24}.Ad-Hoc|ARM.Build.0 = Release|Any CPU
		{67F9D3A8-F71E-4428-913F-C37AE82CDB24}.Ad-Hoc|iPhone.ActiveCfg = Release|Any CPU
		{67F9D3A8-F71E-4428-913F-C37AE82CDB24}.Ad-Hoc|iPhone.Build.0 = Release|Any CPU
		{67F9D3A8-F71E-4428-913F-C37AE82CDB24}.Ad-Hoc|iPhoneSimulator.ActiveCfg = Release|Any CPU
		{67F9D3A8-F71E-4428-913F-C37AE82CDB24}.Ad-Hoc|iPhoneSimulator.Build.0 = Release|Any CPU
		{67F9D3A8-F71E-4428-913F-C37AE82CDB24}.Ad-Hoc|x64.ActiveCfg = Release|Any CPU
		{67F9D3A8-F71E-4428-913F-C37AE82CDB24}.Ad-Hoc|x64.Build.0 = Release|Any CPU
		{67F9D3A8-F71E-4428-913F-C37AE82CDB24}.Ad-Hoc|x86.ActiveCfg = Release|Any CPU
		{67F9D3A8-F71E-4428-913F-C37AE82CDB24}.Ad-Hoc|x86.Build.0 = Release|Any CPU
		{67F9D3A8-F71E-4428-913F-C37AE82CDB24}.AppStore|Any CPU.ActiveCfg = Release|Any CPU
		{67F9D3A8-F71E-4428-913F-C37AE82CDB24}.AppStore|Any CPU.Build.0 = Release|Any CPU
		{67F9D3A8-F71E-4428-913F-C37AE82CDB24}.AppStore|ARM.ActiveCfg = Release|Any CPU
		{67F9D3A8-F71E-4428-913F-C37AE82CDB24}.AppStore|ARM.Build.0 = Release|Any CPU
		{67F9D3A8-F71E-4428-913F-C37AE82CDB24}.AppStore|iPhone.ActiveCfg = Release|Any CPU
		{67F9D3A8-F71E-4428-913F-C37AE82CDB24}.AppStore|iPhone.Build.0 = Release|Any CPU
		{67F9D3A8-F71E-4428-913F-C37AE82CDB24}.AppStore|iPhoneSimulator.ActiveCfg = Release|Any CPU
		{67F9D3A8-F71E-4428-913F-C37AE82CDB24}.AppStore|iPhoneSimulator.Build.0 = Release|Any CPU
		{67F9D3A8-F71E-4428-913F-C37AE82CDB24}.AppStore|x64.ActiveCfg = Release|Any CPU
		{67F9D3A8-F71E-4428-913F-C37AE82CDB24}.AppStore|x64.Build.0 = Release|Any CPU
		{67F9D3A8-F71E-4428-913F-C37AE82CDB24}.AppStore|x86.ActiveCfg = Release|Any CPU
		{67F9D3A8-F71E-4428-913F-C37AE82CDB24}.AppStore|x86.Build.0 = Release|Any CPU
		{67F9D3A8-F71E-4428-913F-C37AE82CDB24}.Debug|Any CPU.ActiveCfg = Debug|Any CPU
		{67F9D3A8-F71E-4428-913F-C37AE82CDB24}.Debug|Any CPU.Build.0 = Debug|Any CPU
		{67F9D3A8-F71E-4428-913F-C37AE82CDB24}.Debug|ARM.ActiveCfg = Debug|Any CPU
		{67F9D3A8-F71E-4428-913F-C37AE82CDB24}.Debug|ARM.Build.0 = Debug|Any CPU
		{67F9D3A8-F71E-4428-913F-C37AE82CDB24}.Debug|iPhone.ActiveCfg = Debug|Any CPU
		{67F9D3A8-F71E-4428-913F-C37AE82CDB24}.Debug|iPhone.Build.0 = Debug|Any CPU
		{67F9D3A8-F71E-4428-913F-C37AE82CDB24}.Debug|iPhoneSimulator.ActiveCfg = Debug|Any CPU
		{67F9D3A8-F71E-4428-913F-C37AE82CDB24}.Debug|iPhoneSimulator.Build.0 = Debug|Any CPU
		{67F9D3A8-F71E-4428-913F-C37AE82CDB24}.Debug|x64.ActiveCfg = Debug|Any CPU
		{67F9D3A8-F71E-4428-913F-C37AE82CDB24}.Debug|x64.Build.0 = Debug|Any CPU
		{67F9D3A8-F71E-4428-913F-C37AE82CDB24}.Debug|x86.ActiveCfg = Debug|Any CPU
		{67F9D3A8-F71E-4428-913F-C37AE82CDB24}.Debug|x86.Build.0 = Debug|Any CPU
		{67F9D3A8-F71E-4428-913F-C37AE82CDB24}.Release|Any CPU.ActiveCfg = Release|Any CPU
		{67F9D3A8-F71E-4428-913F-C37AE82CDB24}.Release|Any CPU.Build.0 = Release|Any CPU
		{67F9D3A8-F71E-4428-913F-C37AE82CDB24}.Release|ARM.ActiveCfg = Release|Any CPU
		{67F9D3A8-F71E-4428-913F-C37AE82CDB24}.Release|ARM.Build.0 = Release|Any CPU
		{67F9D3A8-F71E-4428-913F-C37AE82CDB24}.Release|iPhone.ActiveCfg = Release|Any CPU
		{67F9D3A8-F71E-4428-913F-C37AE82CDB24}.Release|iPhone.Build.0 = Release|Any CPU
		{67F9D3A8-F71E-4428-913F-C37AE82CDB24}.Release|iPhoneSimulator.ActiveCfg = Release|Any CPU
		{67F9D3A8-F71E-4428-913F-C37AE82CDB24}.Release|iPhoneSimulator.Build.0 = Release|Any CPU
		{67F9D3A8-F71E-4428-913F-C37AE82CDB24}.Release|x64.ActiveCfg = Release|Any CPU
		{67F9D3A8-F71E-4428-913F-C37AE82CDB24}.Release|x64.Build.0 = Release|Any CPU
		{67F9D3A8-F71E-4428-913F-C37AE82CDB24}.Release|x86.ActiveCfg = Release|Any CPU
		{67F9D3A8-F71E-4428-913F-C37AE82CDB24}.Release|x86.Build.0 = Release|Any CPU
		{92CEE80D-4CDF-4864-BED1-C00CD0AA67F0}.Ad-Hoc|Any CPU.ActiveCfg = Release|Any CPU
		{92CEE80D-4CDF-4864-BED1-C00CD0AA67F0}.Ad-Hoc|Any CPU.Build.0 = Release|Any CPU
		{92CEE80D-4CDF-4864-BED1-C00CD0AA67F0}.Ad-Hoc|ARM.ActiveCfg = Release|Any CPU
		{92CEE80D-4CDF-4864-BED1-C00CD0AA67F0}.Ad-Hoc|ARM.Build.0 = Release|Any CPU
		{92CEE80D-4CDF-4864-BED1-C00CD0AA67F0}.Ad-Hoc|iPhone.ActiveCfg = Release|Any CPU
		{92CEE80D-4CDF-4864-BED1-C00CD0AA67F0}.Ad-Hoc|iPhone.Build.0 = Release|Any CPU
		{92CEE80D-4CDF-4864-BED1-C00CD0AA67F0}.Ad-Hoc|iPhoneSimulator.ActiveCfg = Release|Any CPU
		{92CEE80D-4CDF-4864-BED1-C00CD0AA67F0}.Ad-Hoc|iPhoneSimulator.Build.0 = Release|Any CPU
		{92CEE80D-4CDF-4864-BED1-C00CD0AA67F0}.Ad-Hoc|x64.ActiveCfg = Release|Any CPU
		{92CEE80D-4CDF-4864-BED1-C00CD0AA67F0}.Ad-Hoc|x64.Build.0 = Release|Any CPU
		{92CEE80D-4CDF-4864-BED1-C00CD0AA67F0}.Ad-Hoc|x86.ActiveCfg = Release|Any CPU
		{92CEE80D-4CDF-4864-BED1-C00CD0AA67F0}.Ad-Hoc|x86.Build.0 = Release|Any CPU
		{92CEE80D-4CDF-4864-BED1-C00CD0AA67F0}.AppStore|Any CPU.ActiveCfg = Release|Any CPU
		{92CEE80D-4CDF-4864-BED1-C00CD0AA67F0}.AppStore|Any CPU.Build.0 = Release|Any CPU
		{92CEE80D-4CDF-4864-BED1-C00CD0AA67F0}.AppStore|ARM.ActiveCfg = Release|Any CPU
		{92CEE80D-4CDF-4864-BED1-C00CD0AA67F0}.AppStore|ARM.Build.0 = Release|Any CPU
		{92CEE80D-4CDF-4864-BED1-C00CD0AA67F0}.AppStore|iPhone.ActiveCfg = Release|Any CPU
		{92CEE80D-4CDF-4864-BED1-C00CD0AA67F0}.AppStore|iPhone.Build.0 = Release|Any CPU
		{92CEE80D-4CDF-4864-BED1-C00CD0AA67F0}.AppStore|iPhoneSimulator.ActiveCfg = Release|Any CPU
		{92CEE80D-4CDF-4864-BED1-C00CD0AA67F0}.AppStore|iPhoneSimulator.Build.0 = Release|Any CPU
		{92CEE80D-4CDF-4864-BED1-C00CD0AA67F0}.AppStore|x64.ActiveCfg = Release|Any CPU
		{92CEE80D-4CDF-4864-BED1-C00CD0AA67F0}.AppStore|x64.Build.0 = Release|Any CPU
		{92CEE80D-4CDF-4864-BED1-C00CD0AA67F0}.AppStore|x86.ActiveCfg = Release|Any CPU
		{92CEE80D-4CDF-4864-BED1-C00CD0AA67F0}.AppStore|x86.Build.0 = Release|Any CPU
		{92CEE80D-4CDF-4864-BED1-C00CD0AA67F0}.Debug|Any CPU.ActiveCfg = Debug|Any CPU
		{92CEE80D-4CDF-4864-BED1-C00CD0AA67F0}.Debug|Any CPU.Build.0 = Debug|Any CPU
		{92CEE80D-4CDF-4864-BED1-C00CD0AA67F0}.Debug|ARM.ActiveCfg = Debug|Any CPU
		{92CEE80D-4CDF-4864-BED1-C00CD0AA67F0}.Debug|ARM.Build.0 = Debug|Any CPU
		{92CEE80D-4CDF-4864-BED1-C00CD0AA67F0}.Debug|iPhone.ActiveCfg = Debug|Any CPU
		{92CEE80D-4CDF-4864-BED1-C00CD0AA67F0}.Debug|iPhone.Build.0 = Debug|Any CPU
		{92CEE80D-4CDF-4864-BED1-C00CD0AA67F0}.Debug|iPhoneSimulator.ActiveCfg = Debug|Any CPU
		{92CEE80D-4CDF-4864-BED1-C00CD0AA67F0}.Debug|iPhoneSimulator.Build.0 = Debug|Any CPU
		{92CEE80D-4CDF-4864-BED1-C00CD0AA67F0}.Debug|x64.ActiveCfg = Debug|Any CPU
		{92CEE80D-4CDF-4864-BED1-C00CD0AA67F0}.Debug|x64.Build.0 = Debug|Any CPU
		{92CEE80D-4CDF-4864-BED1-C00CD0AA67F0}.Debug|x86.ActiveCfg = Debug|Any CPU
		{92CEE80D-4CDF-4864-BED1-C00CD0AA67F0}.Debug|x86.Build.0 = Debug|Any CPU
		{92CEE80D-4CDF-4864-BED1-C00CD0AA67F0}.Release|Any CPU.ActiveCfg = Release|Any CPU
		{92CEE80D-4CDF-4864-BED1-C00CD0AA67F0}.Release|Any CPU.Build.0 = Release|Any CPU
		{92CEE80D-4CDF-4864-BED1-C00CD0AA67F0}.Release|ARM.ActiveCfg = Release|Any CPU
		{92CEE80D-4CDF-4864-BED1-C00CD0AA67F0}.Release|ARM.Build.0 = Release|Any CPU
		{92CEE80D-4CDF-4864-BED1-C00CD0AA67F0}.Release|iPhone.ActiveCfg = Release|Any CPU
		{92CEE80D-4CDF-4864-BED1-C00CD0AA67F0}.Release|iPhone.Build.0 = Release|Any CPU
		{92CEE80D-4CDF-4864-BED1-C00CD0AA67F0}.Release|iPhoneSimulator.ActiveCfg = Release|Any CPU
		{92CEE80D-4CDF-4864-BED1-C00CD0AA67F0}.Release|iPhoneSimulator.Build.0 = Release|Any CPU
		{92CEE80D-4CDF-4864-BED1-C00CD0AA67F0}.Release|x64.ActiveCfg = Release|Any CPU
		{92CEE80D-4CDF-4864-BED1-C00CD0AA67F0}.Release|x64.Build.0 = Release|Any CPU
		{92CEE80D-4CDF-4864-BED1-C00CD0AA67F0}.Release|x86.ActiveCfg = Release|Any CPU
		{92CEE80D-4CDF-4864-BED1-C00CD0AA67F0}.Release|x86.Build.0 = Release|Any CPU
		{0F6A7A64-7955-4C04-8B1D-07C7E5BC1682}.Ad-Hoc|Any CPU.ActiveCfg = Release|Any CPU
		{0F6A7A64-7955-4C04-8B1D-07C7E5BC1682}.Ad-Hoc|Any CPU.Build.0 = Release|Any CPU
		{0F6A7A64-7955-4C04-8B1D-07C7E5BC1682}.Ad-Hoc|ARM.ActiveCfg = Release|Any CPU
		{0F6A7A64-7955-4C04-8B1D-07C7E5BC1682}.Ad-Hoc|ARM.Build.0 = Release|Any CPU
		{0F6A7A64-7955-4C04-8B1D-07C7E5BC1682}.Ad-Hoc|iPhone.ActiveCfg = Release|Any CPU
		{0F6A7A64-7955-4C04-8B1D-07C7E5BC1682}.Ad-Hoc|iPhone.Build.0 = Release|Any CPU
		{0F6A7A64-7955-4C04-8B1D-07C7E5BC1682}.Ad-Hoc|iPhoneSimulator.ActiveCfg = Release|Any CPU
		{0F6A7A64-7955-4C04-8B1D-07C7E5BC1682}.Ad-Hoc|iPhoneSimulator.Build.0 = Release|Any CPU
		{0F6A7A64-7955-4C04-8B1D-07C7E5BC1682}.Ad-Hoc|x64.ActiveCfg = Release|Any CPU
		{0F6A7A64-7955-4C04-8B1D-07C7E5BC1682}.Ad-Hoc|x64.Build.0 = Release|Any CPU
		{0F6A7A64-7955-4C04-8B1D-07C7E5BC1682}.Ad-Hoc|x86.ActiveCfg = Release|Any CPU
		{0F6A7A64-7955-4C04-8B1D-07C7E5BC1682}.Ad-Hoc|x86.Build.0 = Release|Any CPU
		{0F6A7A64-7955-4C04-8B1D-07C7E5BC1682}.AppStore|Any CPU.ActiveCfg = Release|Any CPU
		{0F6A7A64-7955-4C04-8B1D-07C7E5BC1682}.AppStore|Any CPU.Build.0 = Release|Any CPU
		{0F6A7A64-7955-4C04-8B1D-07C7E5BC1682}.AppStore|ARM.ActiveCfg = Release|Any CPU
		{0F6A7A64-7955-4C04-8B1D-07C7E5BC1682}.AppStore|ARM.Build.0 = Release|Any CPU
		{0F6A7A64-7955-4C04-8B1D-07C7E5BC1682}.AppStore|iPhone.ActiveCfg = Release|Any CPU
		{0F6A7A64-7955-4C04-8B1D-07C7E5BC1682}.AppStore|iPhone.Build.0 = Release|Any CPU
		{0F6A7A64-7955-4C04-8B1D-07C7E5BC1682}.AppStore|iPhoneSimulator.ActiveCfg = Release|Any CPU
		{0F6A7A64-7955-4C04-8B1D-07C7E5BC1682}.AppStore|iPhoneSimulator.Build.0 = Release|Any CPU
		{0F6A7A64-7955-4C04-8B1D-07C7E5BC1682}.AppStore|x64.ActiveCfg = Release|Any CPU
		{0F6A7A64-7955-4C04-8B1D-07C7E5BC1682}.AppStore|x64.Build.0 = Release|Any CPU
		{0F6A7A64-7955-4C04-8B1D-07C7E5BC1682}.AppStore|x86.ActiveCfg = Release|Any CPU
		{0F6A7A64-7955-4C04-8B1D-07C7E5BC1682}.AppStore|x86.Build.0 = Release|Any CPU
		{0F6A7A64-7955-4C04-8B1D-07C7E5BC1682}.Debug|Any CPU.ActiveCfg = Debug|Any CPU
		{0F6A7A64-7955-4C04-8B1D-07C7E5BC1682}.Debug|Any CPU.Build.0 = Debug|Any CPU
		{0F6A7A64-7955-4C04-8B1D-07C7E5BC1682}.Debug|ARM.ActiveCfg = Debug|Any CPU
		{0F6A7A64-7955-4C04-8B1D-07C7E5BC1682}.Debug|ARM.Build.0 = Debug|Any CPU
		{0F6A7A64-7955-4C04-8B1D-07C7E5BC1682}.Debug|iPhone.ActiveCfg = Debug|Any CPU
		{0F6A7A64-7955-4C04-8B1D-07C7E5BC1682}.Debug|iPhone.Build.0 = Debug|Any CPU
		{0F6A7A64-7955-4C04-8B1D-07C7E5BC1682}.Debug|iPhoneSimulator.ActiveCfg = Debug|Any CPU
		{0F6A7A64-7955-4C04-8B1D-07C7E5BC1682}.Debug|iPhoneSimulator.Build.0 = Debug|Any CPU
		{0F6A7A64-7955-4C04-8B1D-07C7E5BC1682}.Debug|x64.ActiveCfg = Debug|Any CPU
		{0F6A7A64-7955-4C04-8B1D-07C7E5BC1682}.Debug|x64.Build.0 = Debug|Any CPU
		{0F6A7A64-7955-4C04-8B1D-07C7E5BC1682}.Debug|x86.ActiveCfg = Debug|Any CPU
		{0F6A7A64-7955-4C04-8B1D-07C7E5BC1682}.Debug|x86.Build.0 = Debug|Any CPU
		{0F6A7A64-7955-4C04-8B1D-07C7E5BC1682}.Release|Any CPU.ActiveCfg = Release|Any CPU
		{0F6A7A64-7955-4C04-8B1D-07C7E5BC1682}.Release|Any CPU.Build.0 = Release|Any CPU
		{0F6A7A64-7955-4C04-8B1D-07C7E5BC1682}.Release|ARM.ActiveCfg = Release|Any CPU
		{0F6A7A64-7955-4C04-8B1D-07C7E5BC1682}.Release|ARM.Build.0 = Release|Any CPU
		{0F6A7A64-7955-4C04-8B1D-07C7E5BC1682}.Release|iPhone.ActiveCfg = Release|Any CPU
		{0F6A7A64-7955-4C04-8B1D-07C7E5BC1682}.Release|iPhone.Build.0 = Release|Any CPU
		{0F6A7A64-7955-4C04-8B1D-07C7E5BC1682}.Release|iPhoneSimulator.ActiveCfg = Release|Any CPU
		{0F6A7A64-7955-4C04-8B1D-07C7E5BC1682}.Release|iPhoneSimulator.Build.0 = Release|Any CPU
		{0F6A7A64-7955-4C04-8B1D-07C7E5BC1682}.Release|x64.ActiveCfg = Release|Any CPU
		{0F6A7A64-7955-4C04-8B1D-07C7E5BC1682}.Release|x64.Build.0 = Release|Any CPU
		{0F6A7A64-7955-4C04-8B1D-07C7E5BC1682}.Release|x86.ActiveCfg = Release|Any CPU
		{0F6A7A64-7955-4C04-8B1D-07C7E5BC1682}.Release|x86.Build.0 = Release|Any CPU
		{0A1BF46F-CAE1-4A9A-A563-66866C2C3DF0}.Ad-Hoc|Any CPU.ActiveCfg = Release|Any CPU
		{0A1BF46F-CAE1-4A9A-A563-66866C2C3DF0}.Ad-Hoc|Any CPU.Build.0 = Release|Any CPU
		{0A1BF46F-CAE1-4A9A-A563-66866C2C3DF0}.Ad-Hoc|Any CPU.Deploy.0 = Release|Any CPU
		{0A1BF46F-CAE1-4A9A-A563-66866C2C3DF0}.Ad-Hoc|ARM.ActiveCfg = Release|Any CPU
		{0A1BF46F-CAE1-4A9A-A563-66866C2C3DF0}.Ad-Hoc|ARM.Build.0 = Release|Any CPU
		{0A1BF46F-CAE1-4A9A-A563-66866C2C3DF0}.Ad-Hoc|ARM.Deploy.0 = Release|Any CPU
		{0A1BF46F-CAE1-4A9A-A563-66866C2C3DF0}.Ad-Hoc|iPhone.ActiveCfg = Release|Any CPU
		{0A1BF46F-CAE1-4A9A-A563-66866C2C3DF0}.Ad-Hoc|iPhone.Build.0 = Release|Any CPU
		{0A1BF46F-CAE1-4A9A-A563-66866C2C3DF0}.Ad-Hoc|iPhone.Deploy.0 = Release|Any CPU
		{0A1BF46F-CAE1-4A9A-A563-66866C2C3DF0}.Ad-Hoc|iPhoneSimulator.ActiveCfg = Release|Any CPU
		{0A1BF46F-CAE1-4A9A-A563-66866C2C3DF0}.Ad-Hoc|iPhoneSimulator.Build.0 = Release|Any CPU
		{0A1BF46F-CAE1-4A9A-A563-66866C2C3DF0}.Ad-Hoc|iPhoneSimulator.Deploy.0 = Release|Any CPU
		{0A1BF46F-CAE1-4A9A-A563-66866C2C3DF0}.Ad-Hoc|x64.ActiveCfg = Release|Any CPU
		{0A1BF46F-CAE1-4A9A-A563-66866C2C3DF0}.Ad-Hoc|x64.Build.0 = Release|Any CPU
		{0A1BF46F-CAE1-4A9A-A563-66866C2C3DF0}.Ad-Hoc|x64.Deploy.0 = Release|Any CPU
		{0A1BF46F-CAE1-4A9A-A563-66866C2C3DF0}.Ad-Hoc|x86.ActiveCfg = Release|Any CPU
		{0A1BF46F-CAE1-4A9A-A563-66866C2C3DF0}.Ad-Hoc|x86.Build.0 = Release|Any CPU
		{0A1BF46F-CAE1-4A9A-A563-66866C2C3DF0}.Ad-Hoc|x86.Deploy.0 = Release|Any CPU
		{0A1BF46F-CAE1-4A9A-A563-66866C2C3DF0}.AppStore|Any CPU.ActiveCfg = Release|Any CPU
		{0A1BF46F-CAE1-4A9A-A563-66866C2C3DF0}.AppStore|Any CPU.Build.0 = Release|Any CPU
		{0A1BF46F-CAE1-4A9A-A563-66866C2C3DF0}.AppStore|Any CPU.Deploy.0 = Release|Any CPU
		{0A1BF46F-CAE1-4A9A-A563-66866C2C3DF0}.AppStore|ARM.ActiveCfg = Release|Any CPU
		{0A1BF46F-CAE1-4A9A-A563-66866C2C3DF0}.AppStore|ARM.Build.0 = Release|Any CPU
		{0A1BF46F-CAE1-4A9A-A563-66866C2C3DF0}.AppStore|ARM.Deploy.0 = Release|Any CPU
		{0A1BF46F-CAE1-4A9A-A563-66866C2C3DF0}.AppStore|iPhone.ActiveCfg = Release|Any CPU
		{0A1BF46F-CAE1-4A9A-A563-66866C2C3DF0}.AppStore|iPhone.Build.0 = Release|Any CPU
		{0A1BF46F-CAE1-4A9A-A563-66866C2C3DF0}.AppStore|iPhone.Deploy.0 = Release|Any CPU
		{0A1BF46F-CAE1-4A9A-A563-66866C2C3DF0}.AppStore|iPhoneSimulator.ActiveCfg = Release|Any CPU
		{0A1BF46F-CAE1-4A9A-A563-66866C2C3DF0}.AppStore|iPhoneSimulator.Build.0 = Release|Any CPU
		{0A1BF46F-CAE1-4A9A-A563-66866C2C3DF0}.AppStore|iPhoneSimulator.Deploy.0 = Release|Any CPU
		{0A1BF46F-CAE1-4A9A-A563-66866C2C3DF0}.AppStore|x64.ActiveCfg = Release|Any CPU
		{0A1BF46F-CAE1-4A9A-A563-66866C2C3DF0}.AppStore|x64.Build.0 = Release|Any CPU
		{0A1BF46F-CAE1-4A9A-A563-66866C2C3DF0}.AppStore|x64.Deploy.0 = Release|Any CPU
		{0A1BF46F-CAE1-4A9A-A563-66866C2C3DF0}.AppStore|x86.ActiveCfg = Release|Any CPU
		{0A1BF46F-CAE1-4A9A-A563-66866C2C3DF0}.AppStore|x86.Build.0 = Release|Any CPU
		{0A1BF46F-CAE1-4A9A-A563-66866C2C3DF0}.AppStore|x86.Deploy.0 = Release|Any CPU
		{0A1BF46F-CAE1-4A9A-A563-66866C2C3DF0}.Debug|Any CPU.ActiveCfg = Debug|Any CPU
		{0A1BF46F-CAE1-4A9A-A563-66866C2C3DF0}.Debug|Any CPU.Build.0 = Debug|Any CPU
		{0A1BF46F-CAE1-4A9A-A563-66866C2C3DF0}.Debug|Any CPU.Deploy.0 = Debug|Any CPU
		{0A1BF46F-CAE1-4A9A-A563-66866C2C3DF0}.Debug|ARM.ActiveCfg = Debug|Any CPU
		{0A1BF46F-CAE1-4A9A-A563-66866C2C3DF0}.Debug|ARM.Build.0 = Debug|Any CPU
		{0A1BF46F-CAE1-4A9A-A563-66866C2C3DF0}.Debug|ARM.Deploy.0 = Debug|Any CPU
		{0A1BF46F-CAE1-4A9A-A563-66866C2C3DF0}.Debug|iPhone.ActiveCfg = Debug|Any CPU
		{0A1BF46F-CAE1-4A9A-A563-66866C2C3DF0}.Debug|iPhone.Build.0 = Debug|Any CPU
		{0A1BF46F-CAE1-4A9A-A563-66866C2C3DF0}.Debug|iPhone.Deploy.0 = Debug|Any CPU
		{0A1BF46F-CAE1-4A9A-A563-66866C2C3DF0}.Debug|iPhoneSimulator.ActiveCfg = Debug|Any CPU
		{0A1BF46F-CAE1-4A9A-A563-66866C2C3DF0}.Debug|iPhoneSimulator.Build.0 = Debug|Any CPU
		{0A1BF46F-CAE1-4A9A-A563-66866C2C3DF0}.Debug|iPhoneSimulator.Deploy.0 = Debug|Any CPU
		{0A1BF46F-CAE1-4A9A-A563-66866C2C3DF0}.Debug|x64.ActiveCfg = Debug|Any CPU
		{0A1BF46F-CAE1-4A9A-A563-66866C2C3DF0}.Debug|x64.Build.0 = Debug|Any CPU
		{0A1BF46F-CAE1-4A9A-A563-66866C2C3DF0}.Debug|x64.Deploy.0 = Debug|Any CPU
		{0A1BF46F-CAE1-4A9A-A563-66866C2C3DF0}.Debug|x86.ActiveCfg = Debug|Any CPU
		{0A1BF46F-CAE1-4A9A-A563-66866C2C3DF0}.Debug|x86.Build.0 = Debug|Any CPU
		{0A1BF46F-CAE1-4A9A-A563-66866C2C3DF0}.Debug|x86.Deploy.0 = Debug|Any CPU
		{0A1BF46F-CAE1-4A9A-A563-66866C2C3DF0}.Release|Any CPU.ActiveCfg = Release|Any CPU
		{0A1BF46F-CAE1-4A9A-A563-66866C2C3DF0}.Release|Any CPU.Build.0 = Release|Any CPU
		{0A1BF46F-CAE1-4A9A-A563-66866C2C3DF0}.Release|Any CPU.Deploy.0 = Release|Any CPU
		{0A1BF46F-CAE1-4A9A-A563-66866C2C3DF0}.Release|ARM.ActiveCfg = Release|Any CPU
		{0A1BF46F-CAE1-4A9A-A563-66866C2C3DF0}.Release|ARM.Build.0 = Release|Any CPU
		{0A1BF46F-CAE1-4A9A-A563-66866C2C3DF0}.Release|ARM.Deploy.0 = Release|Any CPU
		{0A1BF46F-CAE1-4A9A-A563-66866C2C3DF0}.Release|iPhone.ActiveCfg = Release|Any CPU
		{0A1BF46F-CAE1-4A9A-A563-66866C2C3DF0}.Release|iPhone.Build.0 = Release|Any CPU
		{0A1BF46F-CAE1-4A9A-A563-66866C2C3DF0}.Release|iPhone.Deploy.0 = Release|Any CPU
		{0A1BF46F-CAE1-4A9A-A563-66866C2C3DF0}.Release|iPhoneSimulator.ActiveCfg = Release|Any CPU
		{0A1BF46F-CAE1-4A9A-A563-66866C2C3DF0}.Release|iPhoneSimulator.Build.0 = Release|Any CPU
		{0A1BF46F-CAE1-4A9A-A563-66866C2C3DF0}.Release|iPhoneSimulator.Deploy.0 = Release|Any CPU
		{0A1BF46F-CAE1-4A9A-A563-66866C2C3DF0}.Release|x64.ActiveCfg = Release|Any CPU
		{0A1BF46F-CAE1-4A9A-A563-66866C2C3DF0}.Release|x64.Build.0 = Release|Any CPU
		{0A1BF46F-CAE1-4A9A-A563-66866C2C3DF0}.Release|x64.Deploy.0 = Release|Any CPU
		{0A1BF46F-CAE1-4A9A-A563-66866C2C3DF0}.Release|x86.ActiveCfg = Release|Any CPU
		{0A1BF46F-CAE1-4A9A-A563-66866C2C3DF0}.Release|x86.Build.0 = Release|Any CPU
		{0A1BF46F-CAE1-4A9A-A563-66866C2C3DF0}.Release|x86.Deploy.0 = Release|Any CPU
		{0ED8563E-F642-4F8D-B8EE-335041A8803C}.Ad-Hoc|Any CPU.ActiveCfg = Ad-Hoc|iPhone
		{0ED8563E-F642-4F8D-B8EE-335041A8803C}.Ad-Hoc|ARM.ActiveCfg = Ad-Hoc|iPhone
		{0ED8563E-F642-4F8D-B8EE-335041A8803C}.Ad-Hoc|iPhone.ActiveCfg = Ad-Hoc|iPhone
		{0ED8563E-F642-4F8D-B8EE-335041A8803C}.Ad-Hoc|iPhone.Build.0 = Ad-Hoc|iPhone
		{0ED8563E-F642-4F8D-B8EE-335041A8803C}.Ad-Hoc|iPhoneSimulator.ActiveCfg = Ad-Hoc|iPhoneSimulator
		{0ED8563E-F642-4F8D-B8EE-335041A8803C}.Ad-Hoc|iPhoneSimulator.Build.0 = Ad-Hoc|iPhoneSimulator
		{0ED8563E-F642-4F8D-B8EE-335041A8803C}.Ad-Hoc|x64.ActiveCfg = Ad-Hoc|iPhone
		{0ED8563E-F642-4F8D-B8EE-335041A8803C}.Ad-Hoc|x86.ActiveCfg = Ad-Hoc|iPhone
		{0ED8563E-F642-4F8D-B8EE-335041A8803C}.AppStore|Any CPU.ActiveCfg = AppStore|iPhone
		{0ED8563E-F642-4F8D-B8EE-335041A8803C}.AppStore|ARM.ActiveCfg = AppStore|iPhone
		{0ED8563E-F642-4F8D-B8EE-335041A8803C}.AppStore|iPhone.ActiveCfg = AppStore|iPhone
		{0ED8563E-F642-4F8D-B8EE-335041A8803C}.AppStore|iPhone.Build.0 = AppStore|iPhone
		{0ED8563E-F642-4F8D-B8EE-335041A8803C}.AppStore|iPhoneSimulator.ActiveCfg = AppStore|iPhoneSimulator
		{0ED8563E-F642-4F8D-B8EE-335041A8803C}.AppStore|iPhoneSimulator.Build.0 = AppStore|iPhoneSimulator
		{0ED8563E-F642-4F8D-B8EE-335041A8803C}.AppStore|x64.ActiveCfg = AppStore|iPhone
		{0ED8563E-F642-4F8D-B8EE-335041A8803C}.AppStore|x86.ActiveCfg = AppStore|iPhone
		{0ED8563E-F642-4F8D-B8EE-335041A8803C}.Debug|Any CPU.ActiveCfg = Debug|iPhone
		{0ED8563E-F642-4F8D-B8EE-335041A8803C}.Debug|ARM.ActiveCfg = Debug|iPhone
		{0ED8563E-F642-4F8D-B8EE-335041A8803C}.Debug|iPhone.ActiveCfg = Debug|iPhone
		{0ED8563E-F642-4F8D-B8EE-335041A8803C}.Debug|iPhone.Build.0 = Debug|iPhone
		{0ED8563E-F642-4F8D-B8EE-335041A8803C}.Debug|iPhoneSimulator.ActiveCfg = Debug|iPhoneSimulator
		{0ED8563E-F642-4F8D-B8EE-335041A8803C}.Debug|iPhoneSimulator.Build.0 = Debug|iPhoneSimulator
		{0ED8563E-F642-4F8D-B8EE-335041A8803C}.Debug|x64.ActiveCfg = Debug|iPhone
		{0ED8563E-F642-4F8D-B8EE-335041A8803C}.Debug|x86.ActiveCfg = Debug|iPhone
		{0ED8563E-F642-4F8D-B8EE-335041A8803C}.Release|Any CPU.ActiveCfg = Release|iPhone
		{0ED8563E-F642-4F8D-B8EE-335041A8803C}.Release|ARM.ActiveCfg = Release|iPhone
		{0ED8563E-F642-4F8D-B8EE-335041A8803C}.Release|iPhone.ActiveCfg = Release|iPhone
		{0ED8563E-F642-4F8D-B8EE-335041A8803C}.Release|iPhone.Build.0 = Release|iPhone
		{0ED8563E-F642-4F8D-B8EE-335041A8803C}.Release|iPhoneSimulator.ActiveCfg = Release|iPhoneSimulator
		{0ED8563E-F642-4F8D-B8EE-335041A8803C}.Release|iPhoneSimulator.Build.0 = Release|iPhoneSimulator
		{0ED8563E-F642-4F8D-B8EE-335041A8803C}.Release|x64.ActiveCfg = Release|iPhone
		{0ED8563E-F642-4F8D-B8EE-335041A8803C}.Release|x86.ActiveCfg = Release|iPhone
	EndGlobalSection
	GlobalSection(SolutionProperties) = preSolution
		HideSolutionNode = FALSE
	EndGlobalSection
	GlobalSection(NestedProjects) = preSolution
		{BF368CA1-B560-4615-8227-9FB0DA30420D} = {DC72F7CC-2806-4DA3-9715-80D8D9324147}
		{0A1BF46F-CAE1-4A9A-A563-66866C2C3DF0} = {DC72F7CC-2806-4DA3-9715-80D8D9324147}
		{0ED8563E-F642-4F8D-B8EE-335041A8803C} = {DC72F7CC-2806-4DA3-9715-80D8D9324147}
	EndGlobalSection
EndGlobal
